
Microsoft Visual Studio Solution File, Format Version 12.00
# Visual Studio Version 16
VisualStudioVersion = 16.0.30907.101
MinimumVisualStudioVersion = 10.0.40219.1
Project("{FAE04EC0-301F-11D3-BF4B-00C04F79EFBC}") = "WebApplication11", "WebApplication11\WebApplication11.csproj", "{2DE3476E-8A66-4BF4-A25F-54C9EC23078D}"
EndProject
Global
	GlobalSection(SolutionConfigurationPlatforms) = preSolution
		Debug|Any CPU = Debug|Any CPU
		Release|Any CPU = Release|Any CPU
	EndGlobalSection
	GlobalSection(ProjectConfigurationPlatforms) = postSolution
		{2DE3476E-8A66-4BF4-A25F-54C9EC23078D}.Debug|Any CPU.ActiveCfg = Debug|Any CPU
		{2DE3476E-8A66-4BF4-A25F-54C9EC23078D}.Debug|Any CPU.Build.0 = Debug|Any CPU
		{2DE3476E-8A66-4BF4-A25F-54C9EC23078D}.Release|Any CPU.ActiveCfg = Release|Any CPU
		{2DE3476E-8A66-4BF4-A25F-54C9EC23078D}.Release|Any CPU.Build.0 = Release|Any CPU
	EndGlobalSection
	GlobalSection(SolutionProperties) = preSolution
		HideSolutionNode = FALSE
	EndGlobalSection
	GlobalSection(ExtensibilityGlobals) = postSolution
		SolutionGuid = {FD8F2240-9406-4940-9165-45A2430DB901}
	EndGlobalSection
EndGlobal
